
Microsoft Visual Studio Solution File, Format Version 12.00
# Visual Studio Version 17
VisualStudioVersion = 17.0.31903.59
MinimumVisualStudioVersion = 10.0.40219.1
Project("{2150E333-8FDC-42A3-9474-1A3956D46DE8}") = "src", "src", "{827E0CD3-B72D-47B6-A68D-7590B98EB39B}"
EndProject
Project("{FAE04EC0-301F-11D3-BF4B-00C04F79EFBC}") = "Level1.BackendFoundations", "src\Level1.BackendFoundations\Level1.BackendFoundations.csproj", "{E1D431BF-63AC-4489-967F-F6F3A244F80C}"
EndProject
Project("{2150E333-8FDC-42A3-9474-1A3956D46DE8}") = "Concurrency", "Concurrency", "{7C8D9FE1-DEAB-E4B1-63B0-7C8A6CD36D25}"
EndProject
Project("{FAE04EC0-301F-11D3-BF4B-00C04F79EFBC}") = "ButcherShopSimulation", "src\Concurrency\ButcherShopSimulation\ButcherShopSimulation.csproj", "{7D4A0221-73F4-469B-8BE3-8909814E95C0}"
EndProject
Project("{FAE04EC0-301F-11D3-BF4B-00C04F79EFBC}") = "ProducerConsumerSimulation", "src\Concurrency\ProducerConsumerSimulation\ProducerConsumerSimulation.csproj", "{D96ADC11-E198-440E-AE4E-F2961EFC6165}"
EndProject
Project("{FAE04EC0-301F-11D3-BF4B-00C04F79EFBC}") = "DeliveryVehiclePoolSimulation", "src\Concurrency\DeliveryVehiclePoolSimulation\DeliveryVehiclePoolSimulation.csproj", "{5BBC6549-F01F-4B16-8946-E4AC79797777}"
EndProject
Project("{FAE04EC0-301F-11D3-BF4B-00C04F79EFBC}") = "BankTransferDeadlockSimulation", "src\Concurrency\BankTransferDeadlockSimulation\BankTransferDeadlockSimulation.csproj", "{909879FD-C06C-4534-BEE5-F5D1995DA621}"
EndProject
Project("{FAE04EC0-301F-11D3-BF4B-00C04F79EFBC}") = "RateLimitedServiceSimulation", "src\Concurrency\RateLimitedServiceSimulation\RateLimitedServiceSimulation.csproj", "{0D738327-1091-4AC7-800D-0BAAF4465174}"
EndProject
Project("{FAE04EC0-301F-11D3-BF4B-00C04F79EFBC}") = "DistributedInventorySimulation", "src\Concurrency\DistributedInventorySimulation\DistributedInventorySimulation.csproj", "{3682ABF0-5026-4A07-91EF-4A67759C88C7}"
EndProject
Project("{2150E333-8FDC-42A3-9474-1A3956D46DE8}") = "DeepDives", "DeepDives", "{733BA84C-BC87-427C-FB78-64568383C886}"
EndProject
Project("{2150E333-8FDC-42A3-9474-1A3956D46DE8}") = "Idempotency", "Idempotency", "{F2422F96-5F3F-9D2C-AAAB-E160ECFE1589}"
EndProject
Project("{2150E333-8FDC-42A3-9474-1A3956D46DE8}") = "01-Naive", "01-Naive", "{AEB0A995-8AC3-DEE2-8C9C-644A103FE52E}"
EndProject
Project("{FAE04EC0-301F-11D3-BF4B-00C04F79EFBC}") = "Idempotency.Naive.Api", "src\DeepDives\Idempotency\01-Naive\Idempotency.Naive.Api\Idempotency.Naive.Api.csproj", "{D32178E1-8509-482F-A357-4A9B71F71CBD}"
EndProject
Project("{FAE04EC0-301F-11D3-BF4B-00C04F79EFBC}") = "Idempotency.Naive.IntegrationTests", "src\DeepDives\Idempotency\01-Naive\Idempotency.Naive.IntegrationTests\Idempotency.Naive.IntegrationTests.csproj", "{A6E8E5F4-AB8B-42B8-9A30-B5E7E930FC88}"
EndProject
Project("{2150E333-8FDC-42A3-9474-1A3956D46DE8}") = "02-InMemory", "02-InMemory", "{330F0A12-5346-9EC7-EEAB-7CB7F4794C04}"
EndProject
Project("{FAE04EC0-301F-11D3-BF4B-00C04F79EFBC}") = "Idempotency.InMemory.Api", "src\DeepDives\Idempotency\02-InMemory\Idempotency.InMemory.Api\Idempotency.InMemory.Api.csproj", "{9D7E2426-1BBA-405D-9E1C-2D728FBC666C}"
EndProject
Project("{FAE04EC0-301F-11D3-BF4B-00C04F79EFBC}") = "Idempotency.InMemory.IntegrationTests", "src\DeepDives\Idempotency\02-InMemory\Idempotency.InMemory.IntegrationTests\Idempotency.InMemory.IntegrationTests.csproj", "{1813B478-C524-4251-A643-B6A9FE56EA62}"
EndProject
Project("{2150E333-8FDC-42A3-9474-1A3956D46DE8}") = "03-Database", "03-Database", "{42E4945D-71E0-DEF6-F6B7-C696C6DAEA07}"
EndProject
Project("{FAE04EC0-301F-11D3-BF4B-00C04F79EFBC}") = "Idempotency.Database.Api", "src\DeepDives\Idempotency\03-Database\Idempotency.Database.Api\Idempotency.Database.Api.csproj", "{0D92ADA0-1C86-47D5-9BB1-F1A9010D89D6}"
EndProject
Project("{FAE04EC0-301F-11D3-BF4B-00C04F79EFBC}") = "Idempotency.Database.IntegrationTests", "src\DeepDives\Idempotency\03-Database\Idempotency.Database.IntegrationTests\Idempotency.Database.IntegrationTests.csproj", "{40B1F6E8-DD52-4563-A62A-B502C2B15CA6}"
EndProject
Global
	GlobalSection(SolutionConfigurationPlatforms) = preSolution
		Debug|Any CPU = Debug|Any CPU
		Debug|x64 = Debug|x64
		Debug|x86 = Debug|x86
		Release|Any CPU = Release|Any CPU
		Release|x64 = Release|x64
		Release|x86 = Release|x86
	EndGlobalSection
	GlobalSection(ProjectConfigurationPlatforms) = postSolution
		{E1D431BF-63AC-4489-967F-F6F3A244F80C}.Debug|Any CPU.ActiveCfg = Debug|Any CPU
		{E1D431BF-63AC-4489-967F-F6F3A244F80C}.Debug|Any CPU.Build.0 = Debug|Any CPU
		{E1D431BF-63AC-4489-967F-F6F3A244F80C}.Debug|x64.ActiveCfg = Debug|Any CPU
		{E1D431BF-63AC-4489-967F-F6F3A244F80C}.Debug|x64.Build.0 = Debug|Any CPU
		{E1D431BF-63AC-4489-967F-F6F3A244F80C}.Debug|x86.ActiveCfg = Debug|Any CPU
		{E1D431BF-63AC-4489-967F-F6F3A244F80C}.Debug|x86.Build.0 = Debug|Any CPU
		{E1D431BF-63AC-4489-967F-F6F3A244F80C}.Release|Any CPU.ActiveCfg = Release|Any CPU
		{E1D431BF-63AC-4489-967F-F6F3A244F80C}.Release|Any CPU.Build.0 = Release|Any CPU
		{E1D431BF-63AC-4489-967F-F6F3A244F80C}.Release|x64.ActiveCfg = Release|Any CPU
		{E1D431BF-63AC-4489-967F-F6F3A244F80C}.Release|x64.Build.0 = Release|Any CPU
		{E1D431BF-63AC-4489-967F-F6F3A244F80C}.Release|x86.ActiveCfg = Release|Any CPU
		{E1D431BF-63AC-4489-967F-F6F3A244F80C}.Release|x86.Build.0 = Release|Any CPU
		{7D4A0221-73F4-469B-8BE3-8909814E95C0}.Debug|Any CPU.ActiveCfg = Debug|Any CPU
		{7D4A0221-73F4-469B-8BE3-8909814E95C0}.Debug|Any CPU.Build.0 = Debug|Any CPU
		{7D4A0221-73F4-469B-8BE3-8909814E95C0}.Debug|x64.ActiveCfg = Debug|Any CPU
		{7D4A0221-73F4-469B-8BE3-8909814E95C0}.Debug|x64.Build.0 = Debug|Any CPU
		{7D4A0221-73F4-469B-8BE3-8909814E95C0}.Debug|x86.ActiveCfg = Debug|Any CPU
		{7D4A0221-73F4-469B-8BE3-8909814E95C0}.Debug|x86.Build.0 = Debug|Any CPU
		{7D4A0221-73F4-469B-8BE3-8909814E95C0}.Release|Any CPU.ActiveCfg = Release|Any CPU
		{7D4A0221-73F4-469B-8BE3-8909814E95C0}.Release|Any CPU.Build.0 = Release|Any CPU
		{7D4A0221-73F4-469B-8BE3-8909814E95C0}.Release|x64.ActiveCfg = Release|Any CPU
		{7D4A0221-73F4-469B-8BE3-8909814E95C0}.Release|x64.Build.0 = Release|Any CPU
		{7D4A0221-73F4-469B-8BE3-8909814E95C0}.Release|x86.ActiveCfg = Release|Any CPU
		{7D4A0221-73F4-469B-8BE3-8909814E95C0}.Release|x86.Build.0 = Release|Any CPU
		{D96ADC11-E198-440E-AE4E-F2961EFC6165}.Debug|Any CPU.ActiveCfg = Debug|Any CPU
		{D96ADC11-E198-440E-AE4E-F2961EFC6165}.Debug|Any CPU.Build.0 = Debug|Any CPU
		{D96ADC11-E198-440E-AE4E-F2961EFC6165}.Debug|x64.ActiveCfg = Debug|Any CPU
		{D96ADC11-E198-440E-AE4E-F2961EFC6165}.Debug|x64.Build.0 = Debug|Any CPU
		{D96ADC11-E198-440E-AE4E-F2961EFC6165}.Debug|x86.ActiveCfg = Debug|Any CPU
		{D96ADC11-E198-440E-AE4E-F2961EFC6165}.Debug|x86.Build.0 = Debug|Any CPU
		{D96ADC11-E198-440E-AE4E-F2961EFC6165}.Release|Any CPU.ActiveCfg = Release|Any CPU
		{D96ADC11-E198-440E-AE4E-F2961EFC6165}.Release|Any CPU.Build.0 = Release|Any CPU
		{D96ADC11-E198-440E-AE4E-F2961EFC6165}.Release|x64.ActiveCfg = Release|Any CPU
		{D96ADC11-E198-440E-AE4E-F2961EFC6165}.Release|x64.Build.0 = Release|Any CPU
		{D96ADC11-E198-440E-AE4E-F2961EFC6165}.Release|x86.ActiveCfg = Release|Any CPU
		{D96ADC11-E198-440E-AE4E-F2961EFC6165}.Release|x86.Build.0 = Release|Any CPU
		{5BBC6549-F01F-4B16-8946-E4AC79797777}.Debug|Any CPU.ActiveCfg = Debug|Any CPU
		{5BBC6549-F01F-4B16-8946-E4AC79797777}.Debug|Any CPU.Build.0 = Debug|Any CPU
		{5BBC6549-F01F-4B16-8946-E4AC79797777}.Debug|x64.ActiveCfg = Debug|Any CPU
		{5BBC6549-F01F-4B16-8946-E4AC79797777}.Debug|x64.Build.0 = Debug|Any CPU
		{5BBC6549-F01F-4B16-8946-E4AC79797777}.Debug|x86.ActiveCfg = Debug|Any CPU
		{5BBC6549-F01F-4B16-8946-E4AC79797777}.Debug|x86.Build.0 = Debug|Any CPU
		{5BBC6549-F01F-4B16-8946-E4AC79797777}.Release|Any CPU.ActiveCfg = Release|Any CPU
		{5BBC6549-F01F-4B16-8946-E4AC79797777}.Release|Any CPU.Build.0 = Release|Any CPU
		{5BBC6549-F01F-4B16-8946-E4AC79797777}.Release|x64.ActiveCfg = Release|Any CPU
		{5BBC6549-F01F-4B16-8946-E4AC79797777}.Release|x64.Build.0 = Release|Any CPU
		{5BBC6549-F01F-4B16-8946-E4AC79797777}.Release|x86.ActiveCfg = Release|Any CPU
		{5BBC6549-F01F-4B16-8946-E4AC79797777}.Release|x86.Build.0 = Release|Any CPU
		{909879FD-C06C-4534-BEE5-F5D1995DA621}.Debug|Any CPU.ActiveCfg = Debug|Any CPU
		{909879FD-C06C-4534-BEE5-F5D1995DA621}.Debug|Any CPU.Build.0 = Debug|Any CPU
		{909879FD-C06C-4534-BEE5-F5D1995DA621}.Debug|x64.ActiveCfg = Debug|Any CPU
		{909879FD-C06C-4534-BEE5-F5D1995DA621}.Debug|x64.Build.0 = Debug|Any CPU
		{909879FD-C06C-4534-BEE5-F5D1995DA621}.Debug|x86.ActiveCfg = Debug|Any CPU
		{909879FD-C06C-4534-BEE5-F5D1995DA621}.Debug|x86.Build.0 = Debug|Any CPU
		{909879FD-C06C-4534-BEE5-F5D1995DA621}.Release|Any CPU.ActiveCfg = Release|Any CPU
		{909879FD-C06C-4534-BEE5-F5D1995DA621}.Release|Any CPU.Build.0 = Release|Any CPU
		{909879FD-C06C-4534-BEE5-F5D1995DA621}.Release|x64.ActiveCfg = Release|Any CPU
		{909879FD-C06C-4534-BEE5-F5D1995DA621}.Release|x64.Build.0 = Release|Any CPU
		{909879FD-C06C-4534-BEE5-F5D1995DA621}.Release|x86.ActiveCfg = Release|Any CPU
		{909879FD-C06C-4534-BEE5-F5D1995DA621}.Release|x86.Build.0 = Release|Any CPU
		{0D738327-1091-4AC7-800D-0BAAF4465174}.Debug|Any CPU.ActiveCfg = Debug|Any CPU
		{0D738327-1091-4AC7-800D-0BAAF4465174}.Debug|Any CPU.Build.0 = Debug|Any CPU
		{0D738327-1091-4AC7-800D-0BAAF4465174}.Debug|x64.ActiveCfg = Debug|Any CPU
		{0D738327-1091-4AC7-800D-0BAAF4465174}.Debug|x64.Build.0 = Debug|Any CPU
		{0D738327-1091-4AC7-800D-0BAAF4465174}.Debug|x86.ActiveCfg = Debug|Any CPU
		{0D738327-1091-4AC7-800D-0BAAF4465174}.Debug|x86.Build.0 = Debug|Any CPU
		{0D738327-1091-4AC7-800D-0BAAF4465174}.Release|Any CPU.ActiveCfg = Release|Any CPU
		{0D738327-1091-4AC7-800D-0BAAF4465174}.Release|Any CPU.Build.0 = Release|Any CPU
		{0D738327-1091-4AC7-800D-0BAAF4465174}.Release|x64.ActiveCfg = Release|Any CPU
		{0D738327-1091-4AC7-800D-0BAAF4465174}.Release|x64.Build.0 = Release|Any CPU
		{0D738327-1091-4AC7-800D-0BAAF4465174}.Release|x86.ActiveCfg = Release|Any CPU
		{0D738327-1091-4AC7-800D-0BAAF4465174}.Release|x86.Build.0 = Release|Any CPU
		{3682ABF0-5026-4A07-91EF-4A67759C88C7}.Debug|Any CPU.ActiveCfg = Debug|Any CPU
		{3682ABF0-5026-4A07-91EF-4A67759C88C7}.Debug|Any CPU.Build.0 = Debug|Any CPU
		{3682ABF0-5026-4A07-91EF-4A67759C88C7}.Debug|x64.ActiveCfg = Debug|Any CPU
		{3682ABF0-5026-4A07-91EF-4A67759C88C7}.Debug|x64.Build.0 = Debug|Any CPU
		{3682ABF0-5026-4A07-91EF-4A67759C88C7}.Debug|x86.ActiveCfg = Debug|Any CPU
		{3682ABF0-5026-4A07-91EF-4A67759C88C7}.Debug|x86.Build.0 = Debug|Any CPU
		{3682ABF0-5026-4A07-91EF-4A67759C88C7}.Release|Any CPU.ActiveCfg = Release|Any CPU
		{3682ABF0-5026-4A07-91EF-4A67759C88C7}.Release|Any CPU.Build.0 = Release|Any CPU
		{3682ABF0-5026-4A07-91EF-4A67759C88C7}.Release|x64.ActiveCfg = Release|Any CPU
		{3682ABF0-5026-4A07-91EF-4A67759C88C7}.Release|x64.Build.0 = Release|Any CPU
		{3682ABF0-5026-4A07-91EF-4A67759C88C7}.Release|x86.ActiveCfg = Release|Any CPU
		{3682ABF0-5026-4A07-91EF-4A67759C88C7}.Release|x86.Build.0 = Release|Any CPU
		{D32178E1-8509-482F-A357-4A9B71F71CBD}.Debug|Any CPU.ActiveCfg = Debug|Any CPU
		{D32178E1-8509-482F-A357-4A9B71F71CBD}.Debug|Any CPU.Build.0 = Debug|Any CPU
		{D32178E1-8509-482F-A357-4A9B71F71CBD}.Debug|x64.ActiveCfg = Debug|Any CPU
		{D32178E1-8509-482F-A357-4A9B71F71CBD}.Debug|x64.Build.0 = Debug|Any CPU
		{D32178E1-8509-482F-A357-4A9B71F71CBD}.Debug|x86.ActiveCfg = Debug|Any CPU
		{D32178E1-8509-482F-A357-4A9B71F71CBD}.Debug|x86.Build.0 = Debug|Any CPU
		{D32178E1-8509-482F-A357-4A9B71F71CBD}.Release|Any CPU.ActiveCfg = Release|Any CPU
		{D32178E1-8509-482F-A357-4A9B71F71CBD}.Release|Any CPU.Build.0 = Release|Any CPU
		{D32178E1-8509-482F-A357-4A9B71F71CBD}.Release|x64.ActiveCfg = Release|Any CPU
		{D32178E1-8509-482F-A357-4A9B71F71CBD}.Release|x64.Build.0 = Release|Any CPU
		{D32178E1-8509-482F-A357-4A9B71F71CBD}.Release|x86.ActiveCfg = Release|Any CPU
		{D32178E1-8509-482F-A357-4A9B71F71CBD}.Release|x86.Build.0 = Release|Any CPU
		{A6E8E5F4-AB8B-42B8-9A30-B5E7E930FC88}.Debug|Any CPU.ActiveCfg = Debug|Any CPU
		{A6E8E5F4-AB8B-42B8-9A30-B5E7E930FC88}.Debug|Any CPU.Build.0 = Debug|Any CPU
		{A6E8E5F4-AB8B-42B8-9A30-B5E7E930FC88}.Debug|x64.ActiveCfg = Debug|Any CPU
		{A6E8E5F4-AB8B-42B8-9A30-B5E7E930FC88}.Debug|x64.Build.0 = Debug|Any CPU
		{A6E8E5F4-AB8B-42B8-9A30-B5E7E930FC88}.Debug|x86.ActiveCfg = Debug|Any CPU
		{A6E8E5F4-AB8B-42B8-9A30-B5E7E930FC88}.Debug|x86.Build.0 = Debug|Any CPU
		{A6E8E5F4-AB8B-42B8-9A30-B5E7E930FC88}.Release|Any CPU.ActiveCfg = Release|Any CPU
		{A6E8E5F4-AB8B-42B8-9A30-B5E7E930FC88}.Release|Any CPU.Build.0 = Release|Any CPU
		{A6E8E5F4-AB8B-42B8-9A30-B5E7E930FC88}.Release|x64.ActiveCfg = Release|Any CPU
		{A6E8E5F4-AB8B-42B8-9A30-B5E7E930FC88}.Release|x64.Build.0 = Release|Any CPU
		{A6E8E5F4-AB8B-42B8-9A30-B5E7E930FC88}.Release|x86.ActiveCfg = Release|Any CPU
		{A6E8E5F4-AB8B-42B8-9A30-B5E7E930FC88}.Release|x86.Build.0 = Release|Any CPU
		{9D7E2426-1BBA-405D-9E1C-2D728FBC666C}.Debug|Any CPU.ActiveCfg = Debug|Any CPU
		{9D7E2426-1BBA-405D-9E1C-2D728FBC666C}.Debug|Any CPU.Build.0 = Debug|Any CPU
		{9D7E2426-1BBA-405D-9E1C-2D728FBC666C}.Debug|x64.ActiveCfg = Debug|Any CPU
		{9D7E2426-1BBA-405D-9E1C-2D728FBC666C}.Debug|x64.Build.0 = Debug|Any CPU
		{9D7E2426-1BBA-405D-9E1C-2D728FBC666C}.Debug|x86.ActiveCfg = Debug|Any CPU
		{9D7E2426-1BBA-405D-9E1C-2D728FBC666C}.Debug|x86.Build.0 = Debug|Any CPU
		{9D7E2426-1BBA-405D-9E1C-2D728FBC666C}.Release|Any CPU.ActiveCfg = Release|Any CPU
		{9D7E2426-1BBA-405D-9E1C-2D728FBC666C}.Release|Any CPU.Build.0 = Release|Any CPU
		{9D7E2426-1BBA-405D-9E1C-2D728FBC666C}.Release|x64.ActiveCfg = Release|Any CPU
		{9D7E2426-1BBA-405D-9E1C-2D728FBC666C}.Release|x64.Build.0 = Release|Any CPU
		{9D7E2426-1BBA-405D-9E1C-2D728FBC666C}.Release|x86.ActiveCfg = Release|Any CPU
		{9D7E2426-1BBA-405D-9E1C-2D728FBC666C}.Release|x86.Build.0 = Release|Any CPU
		{1813B478-C524-4251-A643-B6A9FE56EA62}.Debug|Any CPU.ActiveCfg = Debug|Any CPU
		{1813B478-C524-4251-A643-B6A9FE56EA62}.Debug|Any CPU.Build.0 = Debug|Any CPU
		{1813B478-C524-4251-A643-B6A9FE56EA62}.Debug|x64.ActiveCfg = Debug|Any CPU
		{1813B478-C524-4251-A643-B6A9FE56EA62}.Debug|x64.Build.0 = Debug|Any CPU
		{1813B478-C524-4251-A643-B6A9FE56EA62}.Debug|x86.ActiveCfg = Debug|Any CPU
		{1813B478-C524-4251-A643-B6A9FE56EA62}.Debug|x86.Build.0 = Debug|Any CPU
		{1813B478-C524-4251-A643-B6A9FE56EA62}.Release|Any CPU.ActiveCfg = Release|Any CPU
		{1813B478-C524-4251-A643-B6A9FE56EA62}.Release|Any CPU.Build.0 = Release|Any CPU
		{1813B478-C524-4251-A643-B6A9FE56EA62}.Release|x64.ActiveCfg = Release|Any CPU
		{1813B478-C524-4251-A643-B6A9FE56EA62}.Release|x64.Build.0 = Release|Any CPU
		{1813B478-C524-4251-A643-B6A9FE56EA62}.Release|x86.ActiveCfg = Release|Any CPU
		{1813B478-C524-4251-A643-B6A9FE56EA62}.Release|x86.Build.0 = Release|Any CPU
		{0D92ADA0-1C86-47D5-9BB1-F1A9010D89D6}.Debug|Any CPU.ActiveCfg = Debug|Any CPU
		{0D92ADA0-1C86-47D5-9BB1-F1A9010D89D6}.Debug|Any CPU.Build.0 = Debug|Any CPU
		{0D92ADA0-1C86-47D5-9BB1-F1A9010D89D6}.Debug|x64.ActiveCfg = Debug|Any CPU
		{0D92ADA0-1C86-47D5-9BB1-F1A9010D89D6}.Debug|x64.Build.0 = Debug|Any CPU
		{0D92ADA0-1C86-47D5-9BB1-F1A9010D89D6}.Debug|x86.ActiveCfg = Debug|Any CPU
		{0D92ADA0-1C86-47D5-9BB1-F1A9010D89D6}.Debug|x86.Build.0 = Debug|Any CPU
		{0D92ADA0-1C86-47D5-9BB1-F1A9010D89D6}.Release|Any CPU.ActiveCfg = Release|Any CPU
		{0D92ADA0-1C86-47D5-9BB1-F1A9010D89D6}.Release|Any CPU.Build.0 = Release|Any CPU
		{0D92ADA0-1C86-47D5-9BB1-F1A9010D89D6}.Release|x64.ActiveCfg = Release|Any CPU
		{0D92ADA0-1C86-47D5-9BB1-F1A9010D89D6}.Release|x64.Build.0 = Release|Any CPU
		{0D92ADA0-1C86-47D5-9BB1-F1A9010D89D6}.Release|x86.ActiveCfg = Release|Any CPU
		{0D92ADA0-1C86-47D5-9BB1-F1A9010D89D6}.Release|x86.Build.0 = Release|Any CPU
		{40B1F6E8-DD52-4563-A62A-B502C2B15CA6}.Debug|Any CPU.ActiveCfg = Debug|Any CPU
		{40B1F6E8-DD52-4563-A62A-B502C2B15CA6}.Debug|Any CPU.Build.0 = Debug|Any CPU
		{40B1F6E8-DD52-4563-A62A-B502C2B15CA6}.Debug|x64.ActiveCfg = Debug|Any CPU
		{40B1F6E8-DD52-4563-A62A-B502C2B15CA6}.Debug|x64.Build.0 = Debug|Any CPU
		{40B1F6E8-DD52-4563-A62A-B502C2B15CA6}.Debug|x86.ActiveCfg = Debug|Any CPU
		{40B1F6E8-DD52-4563-A62A-B502C2B15CA6}.Debug|x86.Build.0 = Debug|Any CPU
		{40B1F6E8-DD52-4563-A62A-B502C2B15CA6}.Release|Any CPU.ActiveCfg = Release|Any CPU
		{40B1F6E8-DD52-4563-A62A-B502C2B15CA6}.Release|Any CPU.Build.0 = Release|Any CPU
		{40B1F6E8-DD52-4563-A62A-B502C2B15CA6}.Release|x64.ActiveCfg = Release|Any CPU
		{40B1F6E8-DD52-4563-A62A-B502C2B15CA6}.Release|x64.Build.0 = Release|Any CPU
		{40B1F6E8-DD52-4563-A62A-B502C2B15CA6}.Release|x86.ActiveCfg = Release|Any CPU
		{40B1F6E8-DD52-4563-A62A-B502C2B15CA6}.Release|x86.Build.0 = Release|Any CPU
	EndGlobalSection
	GlobalSection(SolutionProperties) = preSolution
		HideSolutionNode = FALSE
	EndGlobalSection
	GlobalSection(NestedProjects) = preSolution
		{E1D431BF-63AC-4489-967F-F6F3A244F80C} = {827E0CD3-B72D-47B6-A68D-7590B98EB39B}
		{7C8D9FE1-DEAB-E4B1-63B0-7C8A6CD36D25} = {827E0CD3-B72D-47B6-A68D-7590B98EB39B}
		{7D4A0221-73F4-469B-8BE3-8909814E95C0} = {7C8D9FE1-DEAB-E4B1-63B0-7C8A6CD36D25}
		{D96ADC11-E198-440E-AE4E-F2961EFC6165} = {7C8D9FE1-DEAB-E4B1-63B0-7C8A6CD36D25}
		{5BBC6549-F01F-4B16-8946-E4AC79797777} = {7C8D9FE1-DEAB-E4B1-63B0-7C8A6CD36D25}
		{909879FD-C06C-4534-BEE5-F5D1995DA621} = {7C8D9FE1-DEAB-E4B1-63B0-7C8A6CD36D25}
		{0D738327-1091-4AC7-800D-0BAAF4465174} = {7C8D9FE1-DEAB-E4B1-63B0-7C8A6CD36D25}
		{3682ABF0-5026-4A07-91EF-4A67759C88C7} = {7C8D9FE1-DEAB-E4B1-63B0-7C8A6CD36D25}
		{733BA84C-BC87-427C-FB78-64568383C886} = {827E0CD3-B72D-47B6-A68D-7590B98EB39B}
		{F2422F96-5F3F-9D2C-AAAB-E160ECFE1589} = {733BA84C-BC87-427C-FB78-64568383C886}
		{AEB0A995-8AC3-DEE2-8C9C-644A103FE52E} = {F2422F96-5F3F-9D2C-AAAB-E160ECFE1589}
		{D32178E1-8509-482F-A357-4A9B71F71CBD} = {AEB0A995-8AC3-DEE2-8C9C-644A103FE52E}
		{A6E8E5F4-AB8B-42B8-9A30-B5E7E930FC88} = {AEB0A995-8AC3-DEE2-8C9C-644A103FE52E}
		{330F0A12-5346-9EC7-EEAB-7CB7F4794C04} = {F2422F96-5F3F-9D2C-AAAB-E160ECFE1589}
		{9D7E2426-1BBA-405D-9E1C-2D728FBC666C} = {330F0A12-5346-9EC7-EEAB-7CB7F4794C04}
		{1813B478-C524-4251-A643-B6A9FE56EA62} = {330F0A12-5346-9EC7-EEAB-7CB7F4794C04}
		{42E4945D-71E0-DEF6-F6B7-C696C6DAEA07} = {F2422F96-5F3F-9D2C-AAAB-E160ECFE1589}
		{0D92ADA0-1C86-47D5-9BB1-F1A9010D89D6} = {42E4945D-71E0-DEF6-F6B7-C696C6DAEA07}
		{40B1F6E8-DD52-4563-A62A-B502C2B15CA6} = {42E4945D-71E0-DEF6-F6B7-C696C6DAEA07}
	EndGlobalSection
EndGlobal
